// !$*UTF8*$!
{
	archiveVersion = 1;
	classes = {
	};
	objectVersion = 51;
	objects = {

/* Begin PBXBuildFile section */
		070BA288213E3E9300B00383 /* PlaceTableCell.swift in Sources */ = {isa = PBXBuildFile; fileRef = 070BA287213E3E9300B00383 /* PlaceTableCell.swift */; };
		0745C312214226A10090D395 /* RouteInfoViewController.swift in Sources */ = {isa = PBXBuildFile; fileRef = 0745C311214226A10090D395 /* RouteInfoViewController.swift */; };
		0749B9A02146381F0082E1E6 /* DirectionModel.swift in Sources */ = {isa = PBXBuildFile; fileRef = 0749B99F2146381F0082E1E6 /* DirectionModel.swift */; };
		0749B9A221463A800082E1E6 /* RoutePointModel.swift in Sources */ = {isa = PBXBuildFile; fileRef = 0749B9A121463A800082E1E6 /* RoutePointModel.swift */; };
		0749B9A4214646E20082E1E6 /* PPNConstants.swift in Sources */ = {isa = PBXBuildFile; fileRef = 0749B9A3214646E20082E1E6 /* PPNConstants.swift */; };
		07697F6C21636CCB003D2566 /* LocalFileManager.swift in Sources */ = {isa = PBXBuildFile; fileRef = 07697F6B21636CCA003D2566 /* LocalFileManager.swift */; };
		076A8E652137A7A100858716 /* HexColorManager.swift in Sources */ = {isa = PBXBuildFile; fileRef = 076A8E642137A7A100858716 /* HexColorManager.swift */; };
		076ACEE32147D4020042B254 /* UserDefaultManager.swift in Sources */ = {isa = PBXBuildFile; fileRef = 076ACEE22147D4020042B254 /* UserDefaultManager.swift */; };
		077853E22152408D0059B489 /* RouteSelectBoardManager.swift in Sources */ = {isa = PBXBuildFile; fileRef = 077853E12152408D0059B489 /* RouteSelectBoardManager.swift */; };
		077853E42152483C0059B489 /* GoogleMapDrawingManager.swift in Sources */ = {isa = PBXBuildFile; fileRef = 077853E32152483C0059B489 /* GoogleMapDrawingManager.swift */; };
		0779FB7721646BC400E60AC0 /* SpinnerView.swift in Sources */ = {isa = PBXBuildFile; fileRef = 0779FB7621646BC400E60AC0 /* SpinnerView.swift */; };
		078BEDC2212E5FFF00D497C9 /* AppDelegate.swift in Sources */ = {isa = PBXBuildFile; fileRef = 078BEDC1212E5FFF00D497C9 /* AppDelegate.swift */; };
		078BEDC4212E5FFF00D497C9 /* MainViewController.swift in Sources */ = {isa = PBXBuildFile; fileRef = 078BEDC3212E5FFF00D497C9 /* MainViewController.swift */; };
		078BEDC7212E5FFF00D497C9 /* Main.storyboard in Resources */ = {isa = PBXBuildFile; fileRef = 078BEDC5212E5FFF00D497C9 /* Main.storyboard */; };
		078BEDC9212E600100D497C9 /* Assets.xcassets in Resources */ = {isa = PBXBuildFile; fileRef = 078BEDC8212E600100D497C9 /* Assets.xcassets */; };
		078BEDCC212E600100D497C9 /* LaunchScreen.storyboard in Resources */ = {isa = PBXBuildFile; fileRef = 078BEDCA212E600100D497C9 /* LaunchScreen.storyboard */; };
		079AA9F72165FC78006CD763 /* DownloadProVersionPopupViewController.swift in Sources */ = {isa = PBXBuildFile; fileRef = 079AA9F62165FC78006CD763 /* DownloadProVersionPopupViewController.swift */; };
		079AA9F9216B50B1006CD763 /* BearingManager.swift in Sources */ = {isa = PBXBuildFile; fileRef = 079AA9F8216B50B1006CD763 /* BearingManager.swift */; };
		07AE17AB213CF33E0045A2A8 /* Toast.swift in Sources */ = {isa = PBXBuildFile; fileRef = 07AE17AA213CF33E0045A2A8 /* Toast.swift */; };
		07AE17B0213D28180045A2A8 /* PlaceModel.swift in Sources */ = {isa = PBXBuildFile; fileRef = 07AE17AF213D28180045A2A8 /* PlaceModel.swift */; };
		07CA0F4421548C2500E6C4C4 /* ViewElevationMaker.swift in Sources */ = {isa = PBXBuildFile; fileRef = 07CA0F4321548C2500E6C4C4 /* ViewElevationMaker.swift */; };
		07CA0F462154978100E6C4C4 /* ActionDelayManager.swift in Sources */ = {isa = PBXBuildFile; fileRef = 07CA0F452154978100E6C4C4 /* ActionDelayManager.swift */; };
		07CA0F4A2154A5A500E6C4C4 /* ImageMaker.swift in Sources */ = {isa = PBXBuildFile; fileRef = 07CA0F492154A5A500E6C4C4 /* ImageMaker.swift */; };
		07CA0F502154D49700E6C4C4 /* NavigationViewController.swift in Sources */ = {isa = PBXBuildFile; fileRef = 07CA0F4F2154D49700E6C4C4 /* NavigationViewController.swift */; };
		07D1C8342170676200DC38BA /* AlamofireManager.swift in Sources */ = {isa = PBXBuildFile; fileRef = 07D1C8332170676200DC38BA /* AlamofireManager.swift */; };
		07D1C836217083F300DC38BA /* OverApiManager.swift in Sources */ = {isa = PBXBuildFile; fileRef = 07D1C835217083F200DC38BA /* OverApiManager.swift */; };
		07F2224021392ABF00EDFBB0 /* SearchPlaceViewController.swift in Sources */ = {isa = PBXBuildFile; fileRef = 07F2223F21392ABF00EDFBB0 /* SearchPlaceViewController.swift */; };
		07FE883A216C7C3E000F624B /* SettingViewController.swift in Sources */ = {isa = PBXBuildFile; fileRef = 07FE8839216C7C3E000F624B /* SettingViewController.swift */; };
		1F2BCA6124F8A75100DD010F /* SelectPlaceDelegate.swift in Sources */ = {isa = PBXBuildFile; fileRef = 1F2BCA6024F8A75100DD010F /* SelectPlaceDelegate.swift */; };
		1F2BCA6424F8EB4F00DD010F /* LocationManager.swift in Sources */ = {isa = PBXBuildFile; fileRef = 1F2BCA6324F8EB4F00DD010F /* LocationManager.swift */; };
		1F2BCA6624F8EF3E00DD010F /* LocationListenerDelegate.swift in Sources */ = {isa = PBXBuildFile; fileRef = 1F2BCA6524F8EF3E00DD010F /* LocationListenerDelegate.swift */; };
		1F308A8424EF6DC5001ED799 /* Mn4pSharedDataStore.swift in Sources */ = {isa = PBXBuildFile; fileRef = 1F308A8324EF6DC5001ED799 /* Mn4pSharedDataStore.swift */; };
		1F308A8624EF6EB8001ED799 /* DistanceCaculator.swift in Sources */ = {isa = PBXBuildFile; fileRef = 1F308A8524EF6EB8001ED799 /* DistanceCaculator.swift */; };
		1F308A8824EF7ECA001ED799 /* NotoSansKR-Medium-Hestia.otf in Resources */ = {isa = PBXBuildFile; fileRef = 1F308A8724EF7ECA001ED799 /* NotoSansKR-Medium-Hestia.otf */; };
		1F308A8A24EF7ED9001ED799 /* NotoSansKR-Regular-Hestia.otf in Resources */ = {isa = PBXBuildFile; fileRef = 1F308A8924EF7ED9001ED799 /* NotoSansKR-Regular-Hestia.otf */; };
		1F308ACF24EF9AA5001ED799 /* DistanceStringFormatter.swift in Sources */ = {isa = PBXBuildFile; fileRef = 1F308ACE24EF9AA5001ED799 /* DistanceStringFormatter.swift */; };
		1F31636824E682A300E1C7EA /* SetPoint.storyboard in Resources */ = {isa = PBXBuildFile; fileRef = 1F31636724E682A300E1C7EA /* SetPoint.storyboard */; };
		1F31636A24E682E000E1C7EA /* SearchNearby.storyboard in Resources */ = {isa = PBXBuildFile; fileRef = 1F31636924E682E000E1C7EA /* SearchNearby.storyboard */; };
		1F31636C24E6831D00E1C7EA /* Navigation.storyboard in Resources */ = {isa = PBXBuildFile; fileRef = 1F31636B24E6831D00E1C7EA /* Navigation.storyboard */; };
		1F31636E24E6834900E1C7EA /* RouteInfo.storyboard in Resources */ = {isa = PBXBuildFile; fileRef = 1F31636D24E6834900E1C7EA /* RouteInfo.storyboard */; };
		1F31637024E683B400E1C7EA /* SearchPlace.storyboard in Resources */ = {isa = PBXBuildFile; fileRef = 1F31636F24E683B400E1C7EA /* SearchPlace.storyboard */; };
		1F31637224E683F000E1C7EA /* Setting.storyboard in Resources */ = {isa = PBXBuildFile; fileRef = 1F31637124E683F000E1C7EA /* Setting.storyboard */; };
		1F31637524E684C500E1C7EA /* Favorites.storyboard in Resources */ = {isa = PBXBuildFile; fileRef = 1F31637424E684C500E1C7EA /* Favorites.storyboard */; };
		1F47579224E265420076DCA5 /* NavigationPanelViewController.swift in Sources */ = {isa = PBXBuildFile; fileRef = 1F47579124E265420076DCA5 /* NavigationPanelViewController.swift */; };
		1F49CC3F24F78E8E00999F46 /* AlertManager.swift in Sources */ = {isa = PBXBuildFile; fileRef = 1F49CC3E24F78E8E00999F46 /* AlertManager.swift */; };
		1F544C3624FCCA64000406B1 /* TapPlaceViewDelegate.swift in Sources */ = {isa = PBXBuildFile; fileRef = 1F544C3524FCCA64000406B1 /* TapPlaceViewDelegate.swift */; };
		1F544C4024FCDDC2000406B1 /* TapSearchPlaceHistoryTableViewDelegate.swift in Sources */ = {isa = PBXBuildFile; fileRef = 1F544C3F24FCDDC2000406B1 /* TapSearchPlaceHistoryTableViewDelegate.swift */; };
		1F544C4224FCED1E000406B1 /* SearchPlaceTableViewDelegate.swift in Sources */ = {isa = PBXBuildFile; fileRef = 1F544C4124FCED1E000406B1 /* SearchPlaceTableViewDelegate.swift */; };
		1F544C4424FCEEE2000406B1 /* SearchPlaceTableViewDataSource.swift in Sources */ = {isa = PBXBuildFile; fileRef = 1F544C4324FCEEE2000406B1 /* SearchPlaceTableViewDataSource.swift */; };
		1F6A212F24DBAD1600C004B3 /* Localizable.strings in Resources */ = {isa = PBXBuildFile; fileRef = 1F6A212E24DBAD1600C004B3 /* Localizable.strings */; };
		1F88E17C24DBEF070039C517 /* MainPanelViewController.swift in Sources */ = {isa = PBXBuildFile; fileRef = 1F88E17B24DBEF070039C517 /* MainPanelViewController.swift */; };
		1F89B0D624F75104005FE594 /* InternetConnectionChecker.swift in Sources */ = {isa = PBXBuildFile; fileRef = 1F89B0D524F75104005FE594 /* InternetConnectionChecker.swift */; };
		1F89B0D824F7574A005FE594 /* AlertPopup.storyboard in Resources */ = {isa = PBXBuildFile; fileRef = 1F89B0D724F7574A005FE594 /* AlertPopup.storyboard */; };
		1F89B0DA24F75985005FE594 /* OfflineAlertPopupViewController.swift in Sources */ = {isa = PBXBuildFile; fileRef = 1F89B0D924F75985005FE594 /* OfflineAlertPopupViewController.swift */; };
		1F8E05E024E0E631000953A2 /* PlaceInfoViewController.swift in Sources */ = {isa = PBXBuildFile; fileRef = 1F8E05DF24E0E631000953A2 /* PlaceInfoViewController.swift */; };
		1F8E05E224E0E672000953A2 /* PlaceInfoPanelViewController.swift in Sources */ = {isa = PBXBuildFile; fileRef = 1F8E05E124E0E672000953A2 /* PlaceInfoPanelViewController.swift */; };
		1F8E05E424E143FF000953A2 /* RouteInfoPanelViewController.swift in Sources */ = {isa = PBXBuildFile; fileRef = 1F8E05E324E143FF000953A2 /* RouteInfoPanelViewController.swift */; };
		1FC630A724E3BAB6008898B9 /* ChooseOnMapViewController.swift in Sources */ = {isa = PBXBuildFile; fileRef = 1FC630A624E3BAB6008898B9 /* ChooseOnMapViewController.swift */; };
		1FC630A924E3C316008898B9 /* FavoritesViewController.swift in Sources */ = {isa = PBXBuildFile; fileRef = 1FC630A824E3C316008898B9 /* FavoritesViewController.swift */; };
		1FC630AC24E3CD1C008898B9 /* SearchNearbyViewController.swift in Sources */ = {isa = PBXBuildFile; fileRef = 1FC630AB24E3CD1C008898B9 /* SearchNearbyViewController.swift */; };
		1FC630AE24E3CD2D008898B9 /* SearchNearbyPanelViewController.swift in Sources */ = {isa = PBXBuildFile; fileRef = 1FC630AD24E3CD2D008898B9 /* SearchNearbyPanelViewController.swift */; };
		1FC630B124E3D802008898B9 /* SetPointViewController.swift in Sources */ = {isa = PBXBuildFile; fileRef = 1FC630B024E3D802008898B9 /* SetPointViewController.swift */; };
		1FD5BC4924E512800029F7B3 /* MapManager.swift in Sources */ = {isa = PBXBuildFile; fileRef = 1FD5BC4824E512800029F7B3 /* MapManager.swift */; };
		1FD5BC4B24E517CE0029F7B3 /* UserInfoManager.swift in Sources */ = {isa = PBXBuildFile; fileRef = 1FD5BC4A24E517CE0029F7B3 /* UserInfoManager.swift */; };
		1FD5BC4D24E51C140029F7B3 /* AddressManager.swift in Sources */ = {isa = PBXBuildFile; fileRef = 1FD5BC4C24E51C140029F7B3 /* AddressManager.swift */; };
		1FD5BC4F24E52CED0029F7B3 /* MapClient.swift in Sources */ = {isa = PBXBuildFile; fileRef = 1FD5BC4E24E52CED0029F7B3 /* MapClient.swift */; };
		1FD5BC5124E52D1D0029F7B3 /* NaverMapClient.swift in Sources */ = {isa = PBXBuildFile; fileRef = 1FD5BC5024E52D1D0029F7B3 /* NaverMapClient.swift */; };
		1FD5BC5324E52D4D0029F7B3 /* GoogleMapClient.swift in Sources */ = {isa = PBXBuildFile; fileRef = 1FD5BC5224E52D4D0029F7B3 /* GoogleMapClient.swift */; };
		1FF1E5E824F6360F00F196CA /* SearchPlaceHistoryTableCell.swift in Sources */ = {isa = PBXBuildFile; fileRef = 1FF1E5E724F6360F00F196CA /* SearchPlaceHistoryTableCell.swift */; };
		1FF1E5EA24F63FE900F196CA /* PlaceVO.swift in Sources */ = {isa = PBXBuildFile; fileRef = 1FF1E5E924F63FE900F196CA /* PlaceVO.swift */; };
		1FF1E5ED24F6422000F196CA /* RealmManager.swift in Sources */ = {isa = PBXBuildFile; fileRef = 1FF1E5EC24F6422000F196CA /* RealmManager.swift */; };
		B338C53F25820A5E0003A7C6 /* GoogleService-Info.plist in Resources */ = {isa = PBXBuildFile; fileRef = B338C53E25820A5E0003A7C6 /* GoogleService-Info.plist */; };
		B3AFEC812580A5B1004D8529 /* FavoriteVO.swift in Sources */ = {isa = PBXBuildFile; fileRef = B3AFEC802580A5B1004D8529 /* FavoriteVO.swift */; };
		E5CA30C438E61684791DC7BF /* Pods_PlusPedestrianNaviIOS.framework in Frameworks */ = {isa = PBXBuildFile; fileRef = E012498CEAF2062C3035DB05 /* Pods_PlusPedestrianNaviIOS.framework */; };
/* End PBXBuildFile section */

/* Begin PBXFileReference section */
		070BA287213E3E9300B00383 /* PlaceTableCell.swift */ = {isa = PBXFileReference; lastKnownFileType = sourcecode.swift; path = PlaceTableCell.swift; sourceTree = "<group>"; };
		0745C311214226A10090D395 /* RouteInfoViewController.swift */ = {isa = PBXFileReference; lastKnownFileType = sourcecode.swift; path = RouteInfoViewController.swift; sourceTree = "<group>"; };
		0745C31421423AC70090D395 /* MyHomeLocation.gpx */ = {isa = PBXFileReference; lastKnownFileType = text.xml; path = MyHomeLocation.gpx; sourceTree = "<group>"; };
		0749B99F2146381F0082E1E6 /* DirectionModel.swift */ = {isa = PBXFileReference; lastKnownFileType = sourcecode.swift; path = DirectionModel.swift; sourceTree = "<group>"; };
		0749B9A121463A800082E1E6 /* RoutePointModel.swift */ = {isa = PBXFileReference; lastKnownFileType = sourcecode.swift; path = RoutePointModel.swift; sourceTree = "<group>"; };
		0749B9A3214646E20082E1E6 /* PPNConstants.swift */ = {isa = PBXFileReference; lastKnownFileType = sourcecode.swift; path = PPNConstants.swift; sourceTree = "<group>"; };
		07697F6B21636CCA003D2566 /* LocalFileManager.swift */ = {isa = PBXFileReference; lastKnownFileType = sourcecode.swift; path = LocalFileManager.swift; sourceTree = "<group>"; };
		076A8E642137A7A100858716 /* HexColorManager.swift */ = {isa = PBXFileReference; lastKnownFileType = sourcecode.swift; path = HexColorManager.swift; sourceTree = "<group>"; };
		076ACEE22147D4020042B254 /* UserDefaultManager.swift */ = {isa = PBXFileReference; lastKnownFileType = sourcecode.swift; path = UserDefaultManager.swift; sourceTree = "<group>"; };
		077853E12152408D0059B489 /* RouteSelectBoardManager.swift */ = {isa = PBXFileReference; lastKnownFileType = sourcecode.swift; path = RouteSelectBoardManager.swift; sourceTree = "<group>"; };
		077853E32152483C0059B489 /* GoogleMapDrawingManager.swift */ = {isa = PBXFileReference; lastKnownFileType = sourcecode.swift; path = GoogleMapDrawingManager.swift; sourceTree = "<group>"; };
		0779FB7621646BC400E60AC0 /* SpinnerView.swift */ = {isa = PBXFileReference; lastKnownFileType = sourcecode.swift; path = SpinnerView.swift; sourceTree = "<group>"; };
		078BEDBE212E5FFF00D497C9 /* PlusPedestrianNaviIOS.app */ = {isa = PBXFileReference; explicitFileType = wrapper.application; includeInIndex = 0; path = PlusPedestrianNaviIOS.app; sourceTree = BUILT_PRODUCTS_DIR; };
		078BEDC1212E5FFF00D497C9 /* AppDelegate.swift */ = {isa = PBXFileReference; lastKnownFileType = sourcecode.swift; path = AppDelegate.swift; sourceTree = "<group>"; };
		078BEDC3212E5FFF00D497C9 /* MainViewController.swift */ = {isa = PBXFileReference; lastKnownFileType = sourcecode.swift; path = MainViewController.swift; sourceTree = "<group>"; };
		078BEDC6212E5FFF00D497C9 /* Base */ = {isa = PBXFileReference; lastKnownFileType = file.storyboard; name = Base; path = Base.lproj/Main.storyboard; sourceTree = "<group>"; };
		078BEDC8212E600100D497C9 /* Assets.xcassets */ = {isa = PBXFileReference; lastKnownFileType = folder.assetcatalog; path = Assets.xcassets; sourceTree = "<group>"; };
		078BEDCB212E600100D497C9 /* Base */ = {isa = PBXFileReference; lastKnownFileType = file.storyboard; name = Base; path = Base.lproj/LaunchScreen.storyboard; sourceTree = "<group>"; };
		078BEDCD212E600100D497C9 /* Info.plist */ = {isa = PBXFileReference; lastKnownFileType = text.plist.xml; path = Info.plist; sourceTree = "<group>"; };
		079AA9F62165FC78006CD763 /* DownloadProVersionPopupViewController.swift */ = {isa = PBXFileReference; lastKnownFileType = sourcecode.swift; path = DownloadProVersionPopupViewController.swift; sourceTree = "<group>"; };
		079AA9F8216B50B1006CD763 /* BearingManager.swift */ = {isa = PBXFileReference; lastKnownFileType = sourcecode.swift; path = BearingManager.swift; sourceTree = "<group>"; };
		07AE17AA213CF33E0045A2A8 /* Toast.swift */ = {isa = PBXFileReference; lastKnownFileType = sourcecode.swift; path = Toast.swift; sourceTree = "<group>"; };
		07AE17AF213D28180045A2A8 /* PlaceModel.swift */ = {isa = PBXFileReference; lastKnownFileType = sourcecode.swift; path = PlaceModel.swift; sourceTree = "<group>"; };
		07CA0F4321548C2500E6C4C4 /* ViewElevationMaker.swift */ = {isa = PBXFileReference; lastKnownFileType = sourcecode.swift; path = ViewElevationMaker.swift; sourceTree = "<group>"; };
		07CA0F452154978100E6C4C4 /* ActionDelayManager.swift */ = {isa = PBXFileReference; lastKnownFileType = sourcecode.swift; path = ActionDelayManager.swift; sourceTree = "<group>"; };
		07CA0F492154A5A500E6C4C4 /* ImageMaker.swift */ = {isa = PBXFileReference; lastKnownFileType = sourcecode.swift; path = ImageMaker.swift; sourceTree = "<group>"; };
		07CA0F4F2154D49700E6C4C4 /* NavigationViewController.swift */ = {isa = PBXFileReference; lastKnownFileType = sourcecode.swift; path = NavigationViewController.swift; sourceTree = "<group>"; };
		07D1C8332170676200DC38BA /* AlamofireManager.swift */ = {isa = PBXFileReference; lastKnownFileType = sourcecode.swift; path = AlamofireManager.swift; sourceTree = "<group>"; };
		07D1C835217083F200DC38BA /* OverApiManager.swift */ = {isa = PBXFileReference; lastKnownFileType = sourcecode.swift; path = OverApiManager.swift; sourceTree = "<group>"; };
		07F2223F21392ABF00EDFBB0 /* SearchPlaceViewController.swift */ = {isa = PBXFileReference; lastKnownFileType = sourcecode.swift; path = SearchPlaceViewController.swift; sourceTree = "<group>"; };
		07FE8839216C7C3E000F624B /* SettingViewController.swift */ = {isa = PBXFileReference; lastKnownFileType = sourcecode.swift; path = SettingViewController.swift; sourceTree = "<group>"; };
		1F2BCA6024F8A75100DD010F /* SelectPlaceDelegate.swift */ = {isa = PBXFileReference; lastKnownFileType = sourcecode.swift; path = SelectPlaceDelegate.swift; sourceTree = "<group>"; };
		1F2BCA6324F8EB4F00DD010F /* LocationManager.swift */ = {isa = PBXFileReference; lastKnownFileType = sourcecode.swift; path = LocationManager.swift; sourceTree = "<group>"; };
		1F2BCA6524F8EF3E00DD010F /* LocationListenerDelegate.swift */ = {isa = PBXFileReference; lastKnownFileType = sourcecode.swift; path = LocationListenerDelegate.swift; sourceTree = "<group>"; };
		1F308A8324EF6DC5001ED799 /* Mn4pSharedDataStore.swift */ = {isa = PBXFileReference; lastKnownFileType = sourcecode.swift; path = Mn4pSharedDataStore.swift; sourceTree = "<group>"; };
		1F308A8524EF6EB8001ED799 /* DistanceCaculator.swift */ = {isa = PBXFileReference; lastKnownFileType = sourcecode.swift; path = DistanceCaculator.swift; sourceTree = "<group>"; };
		1F308A8724EF7ECA001ED799 /* NotoSansKR-Medium-Hestia.otf */ = {isa = PBXFileReference; lastKnownFileType = file; path = "NotoSansKR-Medium-Hestia.otf"; sourceTree = "<group>"; };
		1F308A8924EF7ED9001ED799 /* NotoSansKR-Regular-Hestia.otf */ = {isa = PBXFileReference; lastKnownFileType = file; path = "NotoSansKR-Regular-Hestia.otf"; sourceTree = "<group>"; };
		1F308ACE24EF9AA5001ED799 /* DistanceStringFormatter.swift */ = {isa = PBXFileReference; lastKnownFileType = sourcecode.swift; path = DistanceStringFormatter.swift; sourceTree = "<group>"; };
		1F31636724E682A300E1C7EA /* SetPoint.storyboard */ = {isa = PBXFileReference; lastKnownFileType = file.storyboard; path = SetPoint.storyboard; sourceTree = "<group>"; };
		1F31636924E682E000E1C7EA /* SearchNearby.storyboard */ = {isa = PBXFileReference; lastKnownFileType = file.storyboard; path = SearchNearby.storyboard; sourceTree = "<group>"; };
		1F31636B24E6831D00E1C7EA /* Navigation.storyboard */ = {isa = PBXFileReference; lastKnownFileType = file.storyboard; path = Navigation.storyboard; sourceTree = "<group>"; };
		1F31636D24E6834900E1C7EA /* RouteInfo.storyboard */ = {isa = PBXFileReference; lastKnownFileType = file.storyboard; path = RouteInfo.storyboard; sourceTree = "<group>"; };
		1F31636F24E683B400E1C7EA /* SearchPlace.storyboard */ = {isa = PBXFileReference; lastKnownFileType = file.storyboard; path = SearchPlace.storyboard; sourceTree = "<group>"; };
		1F31637124E683F000E1C7EA /* Setting.storyboard */ = {isa = PBXFileReference; lastKnownFileType = file.storyboard; path = Setting.storyboard; sourceTree = "<group>"; };
		1F31637424E684C500E1C7EA /* Favorites.storyboard */ = {isa = PBXFileReference; lastKnownFileType = file.storyboard; path = Favorites.storyboard; sourceTree = "<group>"; };
		1F47579124E265420076DCA5 /* NavigationPanelViewController.swift */ = {isa = PBXFileReference; lastKnownFileType = sourcecode.swift; path = NavigationPanelViewController.swift; sourceTree = "<group>"; };
		1F49CC3E24F78E8E00999F46 /* AlertManager.swift */ = {isa = PBXFileReference; lastKnownFileType = sourcecode.swift; path = AlertManager.swift; sourceTree = "<group>"; };
		1F544C3524FCCA64000406B1 /* TapPlaceViewDelegate.swift */ = {isa = PBXFileReference; lastKnownFileType = sourcecode.swift; path = TapPlaceViewDelegate.swift; sourceTree = "<group>"; };
		1F544C3F24FCDDC2000406B1 /* TapSearchPlaceHistoryTableViewDelegate.swift */ = {isa = PBXFileReference; lastKnownFileType = sourcecode.swift; path = TapSearchPlaceHistoryTableViewDelegate.swift; sourceTree = "<group>"; };
		1F544C4124FCED1E000406B1 /* SearchPlaceTableViewDelegate.swift */ = {isa = PBXFileReference; lastKnownFileType = sourcecode.swift; path = SearchPlaceTableViewDelegate.swift; sourceTree = "<group>"; };
		1F544C4324FCEEE2000406B1 /* SearchPlaceTableViewDataSource.swift */ = {isa = PBXFileReference; lastKnownFileType = sourcecode.swift; path = SearchPlaceTableViewDataSource.swift; sourceTree = "<group>"; };
		1F6A212E24DBAD1600C004B3 /* Localizable.strings */ = {isa = PBXFileReference; lastKnownFileType = text.plist.strings; path = Localizable.strings; sourceTree = "<group>"; };
		1F88E17B24DBEF070039C517 /* MainPanelViewController.swift */ = {isa = PBXFileReference; lastKnownFileType = sourcecode.swift; path = MainPanelViewController.swift; sourceTree = "<group>"; };
		1F89B0D524F75104005FE594 /* InternetConnectionChecker.swift */ = {isa = PBXFileReference; lastKnownFileType = sourcecode.swift; path = InternetConnectionChecker.swift; sourceTree = "<group>"; };
		1F89B0D724F7574A005FE594 /* AlertPopup.storyboard */ = {isa = PBXFileReference; lastKnownFileType = file.storyboard; path = AlertPopup.storyboard; sourceTree = "<group>"; };
		1F89B0D924F75985005FE594 /* OfflineAlertPopupViewController.swift */ = {isa = PBXFileReference; lastKnownFileType = sourcecode.swift; path = OfflineAlertPopupViewController.swift; sourceTree = "<group>"; };
		1F8E05DF24E0E631000953A2 /* PlaceInfoViewController.swift */ = {isa = PBXFileReference; lastKnownFileType = sourcecode.swift; path = PlaceInfoViewController.swift; sourceTree = "<group>"; };
		1F8E05E124E0E672000953A2 /* PlaceInfoPanelViewController.swift */ = {isa = PBXFileReference; lastKnownFileType = sourcecode.swift; path = PlaceInfoPanelViewController.swift; sourceTree = "<group>"; };
		1F8E05E324E143FF000953A2 /* RouteInfoPanelViewController.swift */ = {isa = PBXFileReference; lastKnownFileType = sourcecode.swift; path = RouteInfoPanelViewController.swift; sourceTree = "<group>"; };
		1FC630A624E3BAB6008898B9 /* ChooseOnMapViewController.swift */ = {isa = PBXFileReference; lastKnownFileType = sourcecode.swift; path = ChooseOnMapViewController.swift; sourceTree = "<group>"; };
		1FC630A824E3C316008898B9 /* FavoritesViewController.swift */ = {isa = PBXFileReference; lastKnownFileType = sourcecode.swift; path = FavoritesViewController.swift; sourceTree = "<group>"; };
		1FC630AB24E3CD1C008898B9 /* SearchNearbyViewController.swift */ = {isa = PBXFileReference; lastKnownFileType = sourcecode.swift; path = SearchNearbyViewController.swift; sourceTree = "<group>"; };
		1FC630AD24E3CD2D008898B9 /* SearchNearbyPanelViewController.swift */ = {isa = PBXFileReference; lastKnownFileType = sourcecode.swift; path = SearchNearbyPanelViewController.swift; sourceTree = "<group>"; };
		1FC630B024E3D802008898B9 /* SetPointViewController.swift */ = {isa = PBXFileReference; lastKnownFileType = sourcecode.swift; path = SetPointViewController.swift; sourceTree = "<group>"; };
		1FD5BC4824E512800029F7B3 /* MapManager.swift */ = {isa = PBXFileReference; lastKnownFileType = sourcecode.swift; path = MapManager.swift; sourceTree = "<group>"; };
		1FD5BC4A24E517CE0029F7B3 /* UserInfoManager.swift */ = {isa = PBXFileReference; lastKnownFileType = sourcecode.swift; path = UserInfoManager.swift; sourceTree = "<group>"; };
		1FD5BC4C24E51C140029F7B3 /* AddressManager.swift */ = {isa = PBXFileReference; lastKnownFileType = sourcecode.swift; path = AddressManager.swift; sourceTree = "<group>"; };
		1FD5BC4E24E52CED0029F7B3 /* MapClient.swift */ = {isa = PBXFileReference; lastKnownFileType = sourcecode.swift; path = MapClient.swift; sourceTree = "<group>"; };
		1FD5BC5024E52D1D0029F7B3 /* NaverMapClient.swift */ = {isa = PBXFileReference; lastKnownFileType = sourcecode.swift; path = NaverMapClient.swift; sourceTree = "<group>"; };
		1FD5BC5224E52D4D0029F7B3 /* GoogleMapClient.swift */ = {isa = PBXFileReference; lastKnownFileType = sourcecode.swift; path = GoogleMapClient.swift; sourceTree = "<group>"; };
		1FF1E5E724F6360F00F196CA /* SearchPlaceHistoryTableCell.swift */ = {isa = PBXFileReference; lastKnownFileType = sourcecode.swift; path = SearchPlaceHistoryTableCell.swift; sourceTree = "<group>"; };
		1FF1E5E924F63FE900F196CA /* PlaceVO.swift */ = {isa = PBXFileReference; lastKnownFileType = sourcecode.swift; path = PlaceVO.swift; sourceTree = "<group>"; };
		1FF1E5EC24F6422000F196CA /* RealmManager.swift */ = {isa = PBXFileReference; lastKnownFileType = sourcecode.swift; path = RealmManager.swift; sourceTree = "<group>"; };
		76D48CC66E7E6DC0607E9F6C /* Pods-PlusPedestrianNaviIOS.debug.xcconfig */ = {isa = PBXFileReference; includeInIndex = 1; lastKnownFileType = text.xcconfig; name = "Pods-PlusPedestrianNaviIOS.debug.xcconfig"; path = "Pods/Target Support Files/Pods-PlusPedestrianNaviIOS/Pods-PlusPedestrianNaviIOS.debug.xcconfig"; sourceTree = "<group>"; };
		B338C53E25820A5E0003A7C6 /* GoogleService-Info.plist */ = {isa = PBXFileReference; fileEncoding = 4; lastKnownFileType = text.plist.xml; name = "GoogleService-Info.plist"; path = "../../../../Downloads/GoogleService-Info.plist"; sourceTree = "<group>"; };
		B3AFEC802580A5B1004D8529 /* FavoriteVO.swift */ = {isa = PBXFileReference; lastKnownFileType = sourcecode.swift; path = FavoriteVO.swift; sourceTree = "<group>"; };
		DE918DF8083130D875EAD52F /* Pods-PlusPedestrianNaviIOS.release.xcconfig */ = {isa = PBXFileReference; includeInIndex = 1; lastKnownFileType = text.xcconfig; name = "Pods-PlusPedestrianNaviIOS.release.xcconfig"; path = "Pods/Target Support Files/Pods-PlusPedestrianNaviIOS/Pods-PlusPedestrianNaviIOS.release.xcconfig"; sourceTree = "<group>"; };
		E012498CEAF2062C3035DB05 /* Pods_PlusPedestrianNaviIOS.framework */ = {isa = PBXFileReference; explicitFileType = wrapper.framework; includeInIndex = 0; path = Pods_PlusPedestrianNaviIOS.framework; sourceTree = BUILT_PRODUCTS_DIR; };
/* End PBXFileReference section */

/* Begin PBXFrameworksBuildPhase section */
		078BEDBB212E5FFF00D497C9 /* Frameworks */ = {
			isa = PBXFrameworksBuildPhase;
			buildActionMask = 2147483647;
			files = (
				E5CA30C438E61684791DC7BF /* Pods_PlusPedestrianNaviIOS.framework in Frameworks */,
			);
			runOnlyForDeploymentPostprocessing = 0;
		};
/* End PBXFrameworksBuildPhase section */

/* Begin PBXGroup section */
		06A6755E843B8D6A9BCFCF75 /* Pods */ = {
			isa = PBXGroup;
			children = (
				76D48CC66E7E6DC0607E9F6C /* Pods-PlusPedestrianNaviIOS.debug.xcconfig */,
				DE918DF8083130D875EAD52F /* Pods-PlusPedestrianNaviIOS.release.xcconfig */,
			);
			name = Pods;
			sourceTree = "<group>";
		};
		07184137213F821300CC0D7A /* fonts */ = {
			isa = PBXGroup;
			children = (
				1F308A8924EF7ED9001ED799 /* NotoSansKR-Regular-Hestia.otf */,
				1F308A8724EF7ECA001ED799 /* NotoSansKR-Medium-Hestia.otf */,
			);
			path = fonts;
			sourceTree = "<group>";
		};
		078BEDB5212E5FFF00D497C9 = {
			isa = PBXGroup;
			children = (
				0745C31421423AC70090D395 /* MyHomeLocation.gpx */,
				078BEDC0212E5FFF00D497C9 /* PlusPedestrianNaviIOS */,
				078BEDBF212E5FFF00D497C9 /* Products */,
				06A6755E843B8D6A9BCFCF75 /* Pods */,
				EED45B2291D016ECA191174A /* Frameworks */,
			);
			sourceTree = "<group>";
		};
		078BEDBF212E5FFF00D497C9 /* Products */ = {
			isa = PBXGroup;
			children = (
				078BEDBE212E5FFF00D497C9 /* PlusPedestrianNaviIOS.app */,
			);
			name = Products;
			sourceTree = "<group>";
		};
		078BEDC0212E5FFF00D497C9 /* PlusPedestrianNaviIOS */ = {
			isa = PBXGroup;
			children = (
				B338C53E25820A5E0003A7C6 /* GoogleService-Info.plist */,
				1F2BCA6224F8EB3C00DD010F /* location */,
				1FF1E5EB24F6420100F196CA /* realm */,
				1F31637324E684B300E1C7EA /* favorites */,
				1FD5BC4724E512640029F7B3 /* map */,
				1FC630AF24E3D7E6008898B9 /* set_point */,
				1FC630AA24E3CD01008898B9 /* search_nearby */,
				1F8E05DE24E0E5FF000953A2 /* place_info */,
				1F88E17F24DBF2D90039C517 /* main */,
				1F6A212D24DBACFF00C004B3 /* localization */,
				07D1C8322170673800DC38BA /* alamofire */,
				07FE8838216C7C0A000F624B /* setting */,
				07CA0F4E2154A9F600E6C4C4 /* navigation */,
				07CA0F4D2154A9EF00E6C4C4 /* route_info */,
				07CA0F4C2154A9AC00E6C4C4 /* search_place */,
				07CA0F4B2154A95500E6C4C4 /* utils */,
				07184137213F821300CC0D7A /* fonts */,
				078BEDC1212E5FFF00D497C9 /* AppDelegate.swift */,
				078BEDC8212E600100D497C9 /* Assets.xcassets */,
				078BEDCA212E600100D497C9 /* LaunchScreen.storyboard */,
				078BEDCD212E600100D497C9 /* Info.plist */,
				0749B9A3214646E20082E1E6 /* PPNConstants.swift */,
				1F308A8324EF6DC5001ED799 /* Mn4pSharedDataStore.swift */,
			);
			path = PlusPedestrianNaviIOS;
			sourceTree = "<group>";
		};
		07CA0F4B2154A95500E6C4C4 /* utils */ = {
			isa = PBXGroup;
			children = (
				076ACEE22147D4020042B254 /* UserDefaultManager.swift */,
				07CA0F452154978100E6C4C4 /* ActionDelayManager.swift */,
				07CA0F4321548C2500E6C4C4 /* ViewElevationMaker.swift */,
				07AE17AA213CF33E0045A2A8 /* Toast.swift */,
				076A8E642137A7A100858716 /* HexColorManager.swift */,
				07CA0F492154A5A500E6C4C4 /* ImageMaker.swift */,
				077853E32152483C0059B489 /* GoogleMapDrawingManager.swift */,
				07697F6B21636CCA003D2566 /* LocalFileManager.swift */,
				0779FB7621646BC400E60AC0 /* SpinnerView.swift */,
				079AA9F8216B50B1006CD763 /* BearingManager.swift */,
				1FD5BC4C24E51C140029F7B3 /* AddressManager.swift */,
				1F308ACE24EF9AA5001ED799 /* DistanceStringFormatter.swift */,
				1F89B0D524F75104005FE594 /* InternetConnectionChecker.swift */,
				1F49CC3E24F78E8E00999F46 /* AlertManager.swift */,
			);
			path = utils;
			sourceTree = "<group>";
		};
		07CA0F4C2154A9AC00E6C4C4 /* search_place */ = {
			isa = PBXGroup;
			children = (
				07AE17AF213D28180045A2A8 /* PlaceModel.swift */,
				07F2223F21392ABF00EDFBB0 /* SearchPlaceViewController.swift */,
				070BA287213E3E9300B00383 /* PlaceTableCell.swift */,
				1FC630A624E3BAB6008898B9 /* ChooseOnMapViewController.swift */,
				1F31636F24E683B400E1C7EA /* SearchPlace.storyboard */,
				1F308A8524EF6EB8001ED799 /* DistanceCaculator.swift */,
				1FF1E5E724F6360F00F196CA /* SearchPlaceHistoryTableCell.swift */,
				1F89B0D724F7574A005FE594 /* AlertPopup.storyboard */,
				1F89B0D924F75985005FE594 /* OfflineAlertPopupViewController.swift */,
				1F544C3524FCCA64000406B1 /* TapPlaceViewDelegate.swift */,
				1F544C3F24FCDDC2000406B1 /* TapSearchPlaceHistoryTableViewDelegate.swift */,
				1F544C4124FCED1E000406B1 /* SearchPlaceTableViewDelegate.swift */,
				1F544C4324FCEEE2000406B1 /* SearchPlaceTableViewDataSource.swift */,
			);
			path = search_place;
			sourceTree = "<group>";
		};
		07CA0F4D2154A9EF00E6C4C4 /* route_info */ = {
			isa = PBXGroup;
			children = (
				077853E12152408D0059B489 /* RouteSelectBoardManager.swift */,
				0749B99F2146381F0082E1E6 /* DirectionModel.swift */,
				0745C311214226A10090D395 /* RouteInfoViewController.swift */,
				0749B9A121463A800082E1E6 /* RoutePointModel.swift */,
				1F8E05E324E143FF000953A2 /* RouteInfoPanelViewController.swift */,
				1F31636D24E6834900E1C7EA /* RouteInfo.storyboard */,
			);
			path = route_info;
			sourceTree = "<group>";
		};
		07CA0F4E2154A9F600E6C4C4 /* navigation */ = {
			isa = PBXGroup;
			children = (
				07CA0F4F2154D49700E6C4C4 /* NavigationViewController.swift */,
				079AA9F62165FC78006CD763 /* DownloadProVersionPopupViewController.swift */,
				1F47579124E265420076DCA5 /* NavigationPanelViewController.swift */,
				1F31636B24E6831D00E1C7EA /* Navigation.storyboard */,
			);
			path = navigation;
			sourceTree = "<group>";
		};
		07D1C8322170673800DC38BA /* alamofire */ = {
			isa = PBXGroup;
			children = (
				07D1C8332170676200DC38BA /* AlamofireManager.swift */,
				07D1C835217083F200DC38BA /* OverApiManager.swift */,
			);
			path = alamofire;
			sourceTree = "<group>";
		};
		07FE8838216C7C0A000F624B /* setting */ = {
			isa = PBXGroup;
			children = (
				07FE8839216C7C3E000F624B /* SettingViewController.swift */,
				1F31637124E683F000E1C7EA /* Setting.storyboard */,
			);
			path = setting;
			sourceTree = "<group>";
		};
		1F2BCA6224F8EB3C00DD010F /* location */ = {
			isa = PBXGroup;
			children = (
				1F2BCA6324F8EB4F00DD010F /* LocationManager.swift */,
				1F2BCA6524F8EF3E00DD010F /* LocationListenerDelegate.swift */,
			);
			path = location;
			sourceTree = "<group>";
		};
		1F31637324E684B300E1C7EA /* favorites */ = {
			isa = PBXGroup;
			children = (
				1F31637424E684C500E1C7EA /* Favorites.storyboard */,
			);
			path = favorites;
			sourceTree = "<group>";
		};
		1F6A212D24DBACFF00C004B3 /* localization */ = {
			isa = PBXGroup;
			children = (
				1F6A212E24DBAD1600C004B3 /* Localizable.strings */,
			);
			path = localization;
			sourceTree = "<group>";
		};
		1F88E17F24DBF2D90039C517 /* main */ = {
			isa = PBXGroup;
			children = (
				078BEDC3212E5FFF00D497C9 /* MainViewController.swift */,
				078BEDC5212E5FFF00D497C9 /* Main.storyboard */,
				1F88E17B24DBEF070039C517 /* MainPanelViewController.swift */,
				1FC630A824E3C316008898B9 /* FavoritesViewController.swift */,
				1FD5BC4A24E517CE0029F7B3 /* UserInfoManager.swift */,
				1F2BCA6024F8A75100DD010F /* SelectPlaceDelegate.swift */,
			);
			path = main;
			sourceTree = "<group>";
		};
		1F8E05DE24E0E5FF000953A2 /* place_info */ = {
			isa = PBXGroup;
			children = (
				1F8E05DF24E0E631000953A2 /* PlaceInfoViewController.swift */,
				1F8E05E124E0E672000953A2 /* PlaceInfoPanelViewController.swift */,
			);
			path = place_info;
			sourceTree = "<group>";
		};
		1FC630AA24E3CD01008898B9 /* search_nearby */ = {
			isa = PBXGroup;
			children = (
				1FC630AB24E3CD1C008898B9 /* SearchNearbyViewController.swift */,
				1FC630AD24E3CD2D008898B9 /* SearchNearbyPanelViewController.swift */,
				1F31636924E682E000E1C7EA /* SearchNearby.storyboard */,
			);
			path = search_nearby;
			sourceTree = "<group>";
		};
		1FC630AF24E3D7E6008898B9 /* set_point */ = {
			isa = PBXGroup;
			children = (
				1FC630B024E3D802008898B9 /* SetPointViewController.swift */,
				1F31636724E682A300E1C7EA /* SetPoint.storyboard */,
			);
			path = set_point;
			sourceTree = "<group>";
		};
		1FD5BC4724E512640029F7B3 /* map */ = {
			isa = PBXGroup;
			children = (
				1FD5BC4824E512800029F7B3 /* MapManager.swift */,
				1FD5BC4E24E52CED0029F7B3 /* MapClient.swift */,
				1FD5BC5024E52D1D0029F7B3 /* NaverMapClient.swift */,
				1FD5BC5224E52D4D0029F7B3 /* GoogleMapClient.swift */,
			);
			path = map;
			sourceTree = "<group>";
		};
		1FF1E5EB24F6420100F196CA /* realm */ = {
			isa = PBXGroup;
			children = (
				1FF1E5EC24F6422000F196CA /* RealmManager.swift */,
				1FF1E5E924F63FE900F196CA /* PlaceVO.swift */,
				B3AFEC802580A5B1004D8529 /* FavoriteVO.swift */,
			);
			path = realm;
			sourceTree = "<group>";
		};
		EED45B2291D016ECA191174A /* Frameworks */ = {
			isa = PBXGroup;
			children = (
				E012498CEAF2062C3035DB05 /* Pods_PlusPedestrianNaviIOS.framework */,
			);
			name = Frameworks;
			sourceTree = "<group>";
		};
/* End PBXGroup section */

/* Begin PBXNativeTarget section */
		078BEDBD212E5FFF00D497C9 /* PlusPedestrianNaviIOS */ = {
			isa = PBXNativeTarget;
			buildConfigurationList = 078BEDD0212E600100D497C9 /* Build configuration list for PBXNativeTarget "PlusPedestrianNaviIOS" */;
			buildPhases = (
				6974514A1D27A6E1B3EE0761 /* [CP] Check Pods Manifest.lock */,
				078BEDBA212E5FFF00D497C9 /* Sources */,
				078BEDBB212E5FFF00D497C9 /* Frameworks */,
				078BEDBC212E5FFF00D497C9 /* Resources */,
				FF6DCD2FC2382971BF4DEE8E /* [CP] Copy Pods Resources */,
				3D1B00CEC5A60DCCB96EC07E /* [CP] Embed Pods Frameworks */,
			);
			buildRules = (
			);
			dependencies = (
			);
			name = PlusPedestrianNaviIOS;
			productName = PlusPedestrianNaviIOS;
			productReference = 078BEDBE212E5FFF00D497C9 /* PlusPedestrianNaviIOS.app */;
			productType = "com.apple.product-type.application";
		};
/* End PBXNativeTarget section */

/* Begin PBXProject section */
		078BEDB6212E5FFF00D497C9 /* Project object */ = {
			isa = PBXProject;
			attributes = {
				LastSwiftUpdateCheck = 0940;
				LastUpgradeCheck = 0940;
				ORGANIZATIONNAME = "박정규";
				TargetAttributes = {
					078BEDBD212E5FFF00D497C9 = {
						CreatedOnToolsVersion = 9.4.1;
					};
				};
			};
			buildConfigurationList = 078BEDB9212E5FFF00D497C9 /* Build configuration list for PBXProject "PlusPedestrianNaviIOS" */;
			compatibilityVersion = "Xcode 9.3";
			developmentRegion = en;
			hasScannedForEncodings = 0;
			knownRegions = (
				en,
				Base,
				ko,
			);
			mainGroup = 078BEDB5212E5FFF00D497C9;
			productRefGroup = 078BEDBF212E5FFF00D497C9 /* Products */;
			projectDirPath = "";
			projectRoot = "";
			targets = (
				078BEDBD212E5FFF00D497C9 /* PlusPedestrianNaviIOS */,
			);
		};
/* End PBXProject section */

/* Begin PBXResourcesBuildPhase section */
		078BEDBC212E5FFF00D497C9 /* Resources */ = {
			isa = PBXResourcesBuildPhase;
			buildActionMask = 2147483647;
			files = (
				1F31637024E683B400E1C7EA /* SearchPlace.storyboard in Resources */,
				1F31636824E682A300E1C7EA /* SetPoint.storyboard in Resources */,
				B338C53F25820A5E0003A7C6 /* GoogleService-Info.plist in Resources */,
				078BEDCC212E600100D497C9 /* LaunchScreen.storyboard in Resources */,
				1F31636C24E6831D00E1C7EA /* Navigation.storyboard in Resources */,
				1F31637524E684C500E1C7EA /* Favorites.storyboard in Resources */,
				1F89B0D824F7574A005FE594 /* AlertPopup.storyboard in Resources */,
				078BEDC9212E600100D497C9 /* Assets.xcassets in Resources */,
				1F6A212F24DBAD1600C004B3 /* Localizable.strings in Resources */,
				1F31636E24E6834900E1C7EA /* RouteInfo.storyboard in Resources */,
				1F31636A24E682E000E1C7EA /* SearchNearby.storyboard in Resources */,
				1F308A8A24EF7ED9001ED799 /* NotoSansKR-Regular-Hestia.otf in Resources */,
				1F308A8824EF7ECA001ED799 /* NotoSansKR-Medium-Hestia.otf in Resources */,
				1F31637224E683F000E1C7EA /* Setting.storyboard in Resources */,
				078BEDC7212E5FFF00D497C9 /* Main.storyboard in Resources */,
			);
			runOnlyForDeploymentPostprocessing = 0;
		};
/* End PBXResourcesBuildPhase section */

/* Begin PBXShellScriptBuildPhase section */
		3D1B00CEC5A60DCCB96EC07E /* [CP] Embed Pods Frameworks */ = {
			isa = PBXShellScriptBuildPhase;
			buildActionMask = 2147483647;
			files = (
			);
			inputFileListPaths = (
				"${PODS_ROOT}/Target Support Files/Pods-PlusPedestrianNaviIOS/Pods-PlusPedestrianNaviIOS-frameworks-${CONFIGURATION}-input-files.xcfilelist",
			);
			name = "[CP] Embed Pods Frameworks";
			outputFileListPaths = (
				"${PODS_ROOT}/Target Support Files/Pods-PlusPedestrianNaviIOS/Pods-PlusPedestrianNaviIOS-frameworks-${CONFIGURATION}-output-files.xcfilelist",
			);
			runOnlyForDeploymentPostprocessing = 0;
			shellPath = /bin/sh;
			shellScript = "\"${PODS_ROOT}/Target Support Files/Pods-PlusPedestrianNaviIOS/Pods-PlusPedestrianNaviIOS-frameworks.sh\"\n";
			showEnvVarsInLog = 0;
		};
		6974514A1D27A6E1B3EE0761 /* [CP] Check Pods Manifest.lock */ = {
			isa = PBXShellScriptBuildPhase;
			buildActionMask = 2147483647;
			files = (
			);
			inputPaths = (
				"${PODS_PODFILE_DIR_PATH}/Podfile.lock",
				"${PODS_ROOT}/Manifest.lock",
			);
			name = "[CP] Check Pods Manifest.lock";
			outputPaths = (
				"$(DERIVED_FILE_DIR)/Pods-PlusPedestrianNaviIOS-checkManifestLockResult.txt",
			);
			runOnlyForDeploymentPostprocessing = 0;
			shellPath = /bin/sh;
			shellScript = "diff \"${PODS_PODFILE_DIR_PATH}/Podfile.lock\" \"${PODS_ROOT}/Manifest.lock\" > /dev/null\nif [ $? != 0 ] ; then\n    # print error to STDERR\n    echo \"error: The sandbox is not in sync with the Podfile.lock. Run 'pod install' or update your CocoaPods installation.\" >&2\n    exit 1\nfi\n# This output is used by Xcode 'outputs' to avoid re-running this script phase.\necho \"SUCCESS\" > \"${SCRIPT_OUTPUT_FILE_0}\"\n";
			showEnvVarsInLog = 0;
		};
		FF6DCD2FC2382971BF4DEE8E /* [CP] Copy Pods Resources */ = {
			isa = PBXShellScriptBuildPhase;
			buildActionMask = 2147483647;
			files = (
			);
			inputFileListPaths = (
				"${PODS_ROOT}/Target Support Files/Pods-PlusPedestrianNaviIOS/Pods-PlusPedestrianNaviIOS-resources-${CONFIGURATION}-input-files.xcfilelist",
			);
			name = "[CP] Copy Pods Resources";
			outputFileListPaths = (
				"${PODS_ROOT}/Target Support Files/Pods-PlusPedestrianNaviIOS/Pods-PlusPedestrianNaviIOS-resources-${CONFIGURATION}-output-files.xcfilelist",
			);
			runOnlyForDeploymentPostprocessing = 0;
			shellPath = /bin/sh;
			shellScript = "\"${PODS_ROOT}/Target Support Files/Pods-PlusPedestrianNaviIOS/Pods-PlusPedestrianNaviIOS-resources.sh\"\n";
			showEnvVarsInLog = 0;
		};
/* End PBXShellScriptBuildPhase section */

/* Begin PBXSourcesBuildPhase section */
		078BEDBA212E5FFF00D497C9 /* Sources */ = {
			isa = PBXSourcesBuildPhase;
			buildActionMask = 2147483647;
			files = (
				07F2224021392ABF00EDFBB0 /* SearchPlaceViewController.swift in Sources */,
				0749B9A02146381F0082E1E6 /* DirectionModel.swift in Sources */,
				1FC630AC24E3CD1C008898B9 /* SearchNearbyViewController.swift in Sources */,
				07AE17B0213D28180045A2A8 /* PlaceModel.swift in Sources */,
				B3AFEC812580A5B1004D8529 /* FavoriteVO.swift in Sources */,
				1FF1E5ED24F6422000F196CA /* RealmManager.swift in Sources */,
				1FD5BC4F24E52CED0029F7B3 /* MapClient.swift in Sources */,
				1FF1E5EA24F63FE900F196CA /* PlaceVO.swift in Sources */,
				1F308A8624EF6EB8001ED799 /* DistanceCaculator.swift in Sources */,
				1FD5BC4924E512800029F7B3 /* MapManager.swift in Sources */,
				076A8E652137A7A100858716 /* HexColorManager.swift in Sources */,
				07D1C8342170676200DC38BA /* AlamofireManager.swift in Sources */,
				0749B9A221463A800082E1E6 /* RoutePointModel.swift in Sources */,
				1F2BCA6424F8EB4F00DD010F /* LocationManager.swift in Sources */,
				0749B9A4214646E20082E1E6 /* PPNConstants.swift in Sources */,
				1F47579224E265420076DCA5 /* NavigationPanelViewController.swift in Sources */,
				0779FB7721646BC400E60AC0 /* SpinnerView.swift in Sources */,
				1F8E05E024E0E631000953A2 /* PlaceInfoViewController.swift in Sources */,
				1FC630A924E3C316008898B9 /* FavoritesViewController.swift in Sources */,
				1F88E17C24DBEF070039C517 /* MainPanelViewController.swift in Sources */,
				070BA288213E3E9300B00383 /* PlaceTableCell.swift in Sources */,
				07697F6C21636CCB003D2566 /* LocalFileManager.swift in Sources */,
				1FD5BC4B24E517CE0029F7B3 /* UserInfoManager.swift in Sources */,
				07AE17AB213CF33E0045A2A8 /* Toast.swift in Sources */,
				07D1C836217083F300DC38BA /* OverApiManager.swift in Sources */,
				079AA9F9216B50B1006CD763 /* BearingManager.swift in Sources */,
				1F308ACF24EF9AA5001ED799 /* DistanceStringFormatter.swift in Sources */,
				1F544C4024FCDDC2000406B1 /* TapSearchPlaceHistoryTableViewDelegate.swift in Sources */,
				1FC630A724E3BAB6008898B9 /* ChooseOnMapViewController.swift in Sources */,
				076ACEE32147D4020042B254 /* UserDefaultManager.swift in Sources */,
				079AA9F72165FC78006CD763 /* DownloadProVersionPopupViewController.swift in Sources */,
				078BEDC4212E5FFF00D497C9 /* MainViewController.swift in Sources */,
				1FD5BC4D24E51C140029F7B3 /* AddressManager.swift in Sources */,
				077853E42152483C0059B489 /* GoogleMapDrawingManager.swift in Sources */,
				07FE883A216C7C3E000F624B /* SettingViewController.swift in Sources */,
				1F544C4424FCEEE2000406B1 /* SearchPlaceTableViewDataSource.swift in Sources */,
				07CA0F462154978100E6C4C4 /* ActionDelayManager.swift in Sources */,
				07CA0F502154D49700E6C4C4 /* NavigationViewController.swift in Sources */,
				1F89B0DA24F75985005FE594 /* OfflineAlertPopupViewController.swift in Sources */,
				07CA0F4A2154A5A500E6C4C4 /* ImageMaker.swift in Sources */,
				1F2BCA6624F8EF3E00DD010F /* LocationListenerDelegate.swift in Sources */,
				1FC630B124E3D802008898B9 /* SetPointViewController.swift in Sources */,
				1FD5BC5124E52D1D0029F7B3 /* NaverMapClient.swift in Sources */,
				077853E22152408D0059B489 /* RouteSelectBoardManager.swift in Sources */,
				1F8E05E424E143FF000953A2 /* RouteInfoPanelViewController.swift in Sources */,
				1F544C3624FCCA64000406B1 /* TapPlaceViewDelegate.swift in Sources */,
				078BEDC2212E5FFF00D497C9 /* AppDelegate.swift in Sources */,
				1F89B0D624F75104005FE594 /* InternetConnectionChecker.swift in Sources */,
				1F2BCA6124F8A75100DD010F /* SelectPlaceDelegate.swift in Sources */,
				1F49CC3F24F78E8E00999F46 /* AlertManager.swift in Sources */,
				1FD5BC5324E52D4D0029F7B3 /* GoogleMapClient.swift in Sources */,
				1F8E05E224E0E672000953A2 /* PlaceInfoPanelViewController.swift in Sources */,
				0745C312214226A10090D395 /* RouteInfoViewController.swift in Sources */,
				1F308A8424EF6DC5001ED799 /* Mn4pSharedDataStore.swift in Sources */,
				1FC630AE24E3CD2D008898B9 /* SearchNearbyPanelViewController.swift in Sources */,
				1FF1E5E824F6360F00F196CA /* SearchPlaceHistoryTableCell.swift in Sources */,
				07CA0F4421548C2500E6C4C4 /* ViewElevationMaker.swift in Sources */,
				1F544C4224FCED1E000406B1 /* SearchPlaceTableViewDelegate.swift in Sources */,
			);
			runOnlyForDeploymentPostprocessing = 0;
		};
/* End PBXSourcesBuildPhase section */

/* Begin PBXVariantGroup section */
		078BEDC5212E5FFF00D497C9 /* Main.storyboard */ = {
			isa = PBXVariantGroup;
			children = (
				078BEDC6212E5FFF00D497C9 /* Base */,
			);
			name = Main.storyboard;
			sourceTree = "<group>";
		};
		078BEDCA212E600100D497C9 /* LaunchScreen.storyboard */ = {
			isa = PBXVariantGroup;
			children = (
				078BEDCB212E600100D497C9 /* Base */,
			);
			name = LaunchScreen.storyboard;
			sourceTree = "<group>";
		};
/* End PBXVariantGroup section */

/* Begin XCBuildConfiguration section */
		078BEDCE212E600100D497C9 /* Debug */ = {
			isa = XCBuildConfiguration;
			buildSettings = {
				ALWAYS_SEARCH_USER_PATHS = NO;
				CLANG_ANALYZER_LOCALIZABILITY_NONLOCALIZED = YES;
				CLANG_ANALYZER_NONNULL = YES;
				CLANG_ANALYZER_NUMBER_OBJECT_CONVERSION = YES_AGGRESSIVE;
				CLANG_CXX_LANGUAGE_STANDARD = "gnu++14";
				CLANG_CXX_LIBRARY = "libc++";
				CLANG_ENABLE_MODULES = YES;
				CLANG_ENABLE_OBJC_ARC = YES;
				CLANG_ENABLE_OBJC_WEAK = YES;
				CLANG_WARN_BLOCK_CAPTURE_AUTORELEASING = YES;
				CLANG_WARN_BOOL_CONVERSION = YES;
				CLANG_WARN_COMMA = YES;
				CLANG_WARN_CONSTANT_CONVERSION = YES;
				CLANG_WARN_DEPRECATED_OBJC_IMPLEMENTATIONS = YES;
				CLANG_WARN_DIRECT_OBJC_ISA_USAGE = YES_ERROR;
				CLANG_WARN_DOCUMENTATION_COMMENTS = YES;
				CLANG_WARN_EMPTY_BODY = YES;
				CLANG_WARN_ENUM_CONVERSION = YES;
				CLANG_WARN_INFINITE_RECURSION = YES;
				CLANG_WARN_INT_CONVERSION = YES;
				CLANG_WARN_NON_LITERAL_NULL_CONVERSION = YES;
				CLANG_WARN_OBJC_IMPLICIT_RETAIN_SELF = YES;
				CLANG_WARN_OBJC_LITERAL_CONVERSION = YES;
				CLANG_WARN_OBJC_ROOT_CLASS = YES_ERROR;
				CLANG_WARN_RANGE_LOOP_ANALYSIS = YES;
				CLANG_WARN_STRICT_PROTOTYPES = YES;
				CLANG_WARN_SUSPICIOUS_MOVE = YES;
				CLANG_WARN_UNGUARDED_AVAILABILITY = YES_AGGRESSIVE;
				CLANG_WARN_UNREACHABLE_CODE = YES;
				CLANG_WARN__DUPLICATE_METHOD_MATCH = YES;
				CODE_SIGN_IDENTITY = "iPhone Developer";
				COPY_PHASE_STRIP = NO;
				DEBUG_INFORMATION_FORMAT = dwarf;
				ENABLE_STRICT_OBJC_MSGSEND = YES;
				ENABLE_TESTABILITY = YES;
				GCC_C_LANGUAGE_STANDARD = gnu11;
				GCC_DYNAMIC_NO_PIC = NO;
				GCC_NO_COMMON_BLOCKS = YES;
				GCC_OPTIMIZATION_LEVEL = 0;
				GCC_PREPROCESSOR_DEFINITIONS = (
					"DEBUG=1",
					"$(inherited)",
				);
				GCC_WARN_64_TO_32_BIT_CONVERSION = YES;
				GCC_WARN_ABOUT_RETURN_TYPE = YES_ERROR;
				GCC_WARN_UNDECLARED_SELECTOR = YES;
				GCC_WARN_UNINITIALIZED_AUTOS = YES_AGGRESSIVE;
				GCC_WARN_UNUSED_FUNCTION = YES;
				GCC_WARN_UNUSED_VARIABLE = YES;
				IPHONEOS_DEPLOYMENT_TARGET = 11.4;
				MTL_ENABLE_DEBUG_INFO = YES;
				ONLY_ACTIVE_ARCH = YES;
				SDKROOT = iphoneos;
				SWIFT_ACTIVE_COMPILATION_CONDITIONS = DEBUG;
				SWIFT_OPTIMIZATION_LEVEL = "-Onone";
			};
			name = Debug;
		};
		078BEDCF212E600100D497C9 /* Release */ = {
			isa = XCBuildConfiguration;
			buildSettings = {
				ALWAYS_SEARCH_USER_PATHS = NO;
				CLANG_ANALYZER_LOCALIZABILITY_NONLOCALIZED = YES;
				CLANG_ANALYZER_NONNULL = YES;
				CLANG_ANALYZER_NUMBER_OBJECT_CONVERSION = YES_AGGRESSIVE;
				CLANG_CXX_LANGUAGE_STANDARD = "gnu++14";
				CLANG_CXX_LIBRARY = "libc++";
				CLANG_ENABLE_MODULES = YES;
				CLANG_ENABLE_OBJC_ARC = YES;
				CLANG_ENABLE_OBJC_WEAK = YES;
				CLANG_WARN_BLOCK_CAPTURE_AUTORELEASING = YES;
				CLANG_WARN_BOOL_CONVERSION = YES;
				CLANG_WARN_COMMA = YES;
				CLANG_WARN_CONSTANT_CONVERSION = YES;
				CLANG_WARN_DEPRECATED_OBJC_IMPLEMENTATIONS = YES;
				CLANG_WARN_DIRECT_OBJC_ISA_USAGE = YES_ERROR;
				CLANG_WARN_DOCUMENTATION_COMMENTS = YES;
				CLANG_WARN_EMPTY_BODY = YES;
				CLANG_WARN_ENUM_CONVERSION = YES;
				CLANG_WARN_INFINITE_RECURSION = YES;
				CLANG_WARN_INT_CONVERSION = YES;
				CLANG_WARN_NON_LITERAL_NULL_CONVERSION = YES;
				CLANG_WARN_OBJC_IMPLICIT_RETAIN_SELF = YES;
				CLANG_WARN_OBJC_LITERAL_CONVERSION = YES;
				CLANG_WARN_OBJC_ROOT_CLASS = YES_ERROR;
				CLANG_WARN_RANGE_LOOP_ANALYSIS = YES;
				CLANG_WARN_STRICT_PROTOTYPES = YES;
				CLANG_WARN_SUSPICIOUS_MOVE = YES;
				CLANG_WARN_UNGUARDED_AVAILABILITY = YES_AGGRESSIVE;
				CLANG_WARN_UNREACHABLE_CODE = YES;
				CLANG_WARN__DUPLICATE_METHOD_MATCH = YES;
				CODE_SIGN_IDENTITY = "iPhone Developer";
				COPY_PHASE_STRIP = NO;
				DEBUG_INFORMATION_FORMAT = "dwarf-with-dsym";
				ENABLE_NS_ASSERTIONS = NO;
				ENABLE_STRICT_OBJC_MSGSEND = YES;
				GCC_C_LANGUAGE_STANDARD = gnu11;
				GCC_NO_COMMON_BLOCKS = YES;
				GCC_WARN_64_TO_32_BIT_CONVERSION = YES;
				GCC_WARN_ABOUT_RETURN_TYPE = YES_ERROR;
				GCC_WARN_UNDECLARED_SELECTOR = YES;
				GCC_WARN_UNINITIALIZED_AUTOS = YES_AGGRESSIVE;
				GCC_WARN_UNUSED_FUNCTION = YES;
				GCC_WARN_UNUSED_VARIABLE = YES;
				IPHONEOS_DEPLOYMENT_TARGET = 11.4;
				MTL_ENABLE_DEBUG_INFO = NO;
				SDKROOT = iphoneos;
				SWIFT_COMPILATION_MODE = wholemodule;
				SWIFT_OPTIMIZATION_LEVEL = "-O";
				VALIDATE_PRODUCT = YES;
			};
			name = Release;
		};
		078BEDD1212E600100D497C9 /* Debug */ = {
			isa = XCBuildConfiguration;
			baseConfigurationReference = 76D48CC66E7E6DC0607E9F6C /* Pods-PlusPedestrianNaviIOS.debug.xcconfig */;
			buildSettings = {
				ASSETCATALOG_COMPILER_APPICON_NAME = AppIcon;
				CODE_SIGN_STYLE = Automatic;
				DEVELOPMENT_TEAM = BAZME32E6Z;
				INFOPLIST_FILE = PlusPedestrianNaviIOS/Info.plist;
				IPHONEOS_DEPLOYMENT_TARGET = 10.2;
				LD_RUNPATH_SEARCH_PATHS = (
					"$(inherited)",
					"@executable_path/Frameworks",
				);
				PRODUCT_BUNDLE_IDENTIFIER = com.plusapps.PlusPedestrianNaviIOS;
				PRODUCT_NAME = "$(TARGET_NAME)";
				SWIFT_VERSION = 4.0;
				TARGETED_DEVICE_FAMILY = "1,2";
			};
			name = Debug;
		};
		078BEDD2212E600100D497C9 /* Release */ = {
			isa = XCBuildConfiguration;
			baseConfigurationReference = DE918DF8083130D875EAD52F /* Pods-PlusPedestrianNaviIOS.release.xcconfig */;
			buildSettings = {
				ASSETCATALOG_COMPILER_APPICON_NAME = AppIcon;
				CODE_SIGN_STYLE = Automatic;
				DEVELOPMENT_TEAM = BAZME32E6Z;
				INFOPLIST_FILE = PlusPedestrianNaviIOS/Info.plist;
				IPHONEOS_DEPLOYMENT_TARGET = 10.2;
				LD_RUNPATH_SEARCH_PATHS = (
					"$(inherited)",
					"@executable_path/Frameworks",
				);
				PRODUCT_BUNDLE_IDENTIFIER = com.plusapps.PlusPedestrianNaviIOS;
				PRODUCT_NAME = "$(TARGET_NAME)";
				SWIFT_VERSION = 4.0;
				TARGETED_DEVICE_FAMILY = "1,2";
			};
			name = Release;
		};
/* End XCBuildConfiguration section */

/* Begin XCConfigurationList section */
		078BEDB9212E5FFF00D497C9 /* Build configuration list for PBXProject "PlusPedestrianNaviIOS" */ = {
			isa = XCConfigurationList;
			buildConfigurations = (
				078BEDCE212E600100D497C9 /* Debug */,
				078BEDCF212E600100D497C9 /* Release */,
			);
			defaultConfigurationIsVisible = 0;
			defaultConfigurationName = Release;
		};
		078BEDD0212E600100D497C9 /* Build configuration list for PBXNativeTarget "PlusPedestrianNaviIOS" */ = {
			isa = XCConfigurationList;
			buildConfigurations = (
				078BEDD1212E600100D497C9 /* Debug */,
				078BEDD2212E600100D497C9 /* Release */,
			);
			defaultConfigurationIsVisible = 0;
			defaultConfigurationName = Release;
		};
/* End XCConfigurationList section */
	};
	rootObject = 078BEDB6212E5FFF00D497C9 /* Project object */;
}
